lockfileVersion: '6.0'

settings:
  autoInstallPeers: true
  excludeLinksFromLockfile: false

dependencies:
  '@formily/core':
    specifier: ^2.3.1
    version: 2.3.1
  vscode-languageclient:
    specifier: ^6.1.3
    version: 6.1.4

devDependencies:
  '@types/vscode':
    specifier: ^1.43.0
    version: 1.85.0

packages:

  /@formily/core@2.3.1:
    resolution: {integrity: sha512-dCBPnmzDpQKdN4ddxi98VbdurpbH6SHb12S9y9SnzW/QTslZnkvrvBhTlucWB5XqXJfwcyCzpZIn/GdMAbPpZg==}
    engines: {npm: '>=3.0.0'}
    dependencies:
      '@formily/reactive': 2.3.1
      '@formily/shared': 2.3.1
      '@formily/validator': 2.3.1
    dev: false

  /@formily/path@2.3.1:
    resolution: {integrity: sha512-BVo89K5nAFntx02+EV696If1b1bVIm5I1tRPtVyCVIjBIfAgga5hK4k80GZ01Dlk3tpReHpiIbZVg2DNVfw7jA==}
    engines: {npm: '>=3.0.0'}
    dev: false

  /@formily/reactive@2.3.1:
    resolution: {integrity: sha512-IVHOZW7VBc+Gq9eB/gPldi7pEC3wDonDb99KvHlS8SmzsY6+a/iAdrw2mDagXXUficsC2gT4y4EcJ2f1ALMKtQ==}
    engines: {npm: '>=3.0.0'}
    dev: false

  /@formily/shared@2.3.1:
    resolution: {integrity: sha512-qnlh6jnnIbUjcK0rWF9bm6AxgyxuBgURrzU5vMSxTNAN86P7K9+mSc/28qPsdNP9flEA2/clSexP5WEJAGYVgw==}
    engines: {npm: '>=3.0.0'}
    dependencies:
      '@formily/path': 2.3.1
      camel-case: 4.1.2
      lower-case: 2.0.2
      no-case: 3.0.4
      param-case: 3.0.4
      pascal-case: 3.1.2
      upper-case: 2.0.2
    dev: false

  /@formily/validator@2.3.1:
    resolution: {integrity: sha512-hM/IDvU/bachpS3fOUe02C9f5EytlNu6OJzDy+AyhWBmZYIVd6QVvPtjV8nyLOXIBJM9N4sxnGSliYQNAPjR1w==}
    engines: {npm: '>=3.0.0'}
    dependencies:
      '@formily/shared': 2.3.1
    dev: false

  /@types/vscode@1.85.0:
    resolution: {integrity: sha512-CF/RBon/GXwdfmnjZj0WTUMZN5H6YITOfBCP4iEZlOtVQXuzw6t7Le7+cR+7JzdMrnlm7Mfp49Oj2TuSXIWo3g==}
    dev: true

  /camel-case@4.1.2:
    resolution: {integrity: sha512-gxGWBrTT1JuMx6R+o5PTXMmUnhnVzLQ9SNutD4YqKtI6ap897t3tKECYla6gCWEkplXnlNybEkZg9GEGxKFCgw==}
    dependencies:
      pascal-case: 3.1.2
      tslib: 2.6.2
    dev: false

  /dot-case@3.0.4:
    resolution: {integrity: sha512-Kv5nKlh6yRrdrGvxeJ2e5y2eRUpkUosIW4A2AS38zwSz27zu7ufDwQPi5Jhs3XAlGNetl3bmnGhQsMtkKJnj3w==}
    dependencies:
      no-case: 3.0.4
      tslib: 2.6.2
    dev: false

  /lower-case@2.0.2:
    resolution: {integrity: sha512-7fm3l3NAF9WfN6W3JOmf5drwpVqX78JtoGJ3A6W0a6ZnldM41w2fV5D490psKFTpMds8TJse/eHLFFsNHHjHgg==}
    dependencies:
      tslib: 2.6.2
    dev: false

  /no-case@3.0.4:
    resolution: {integrity: sha512-fgAN3jGAh+RoxUGZHTSOLJIqUc2wmoBwGR4tbpNAKmmovFoWq0OdRkb0VkldReO2a2iBT/OEulG9XSUc10r3zg==}
    dependencies:
      lower-case: 2.0.2
      tslib: 2.6.2
    dev: false

  /param-case@3.0.4:
    resolution: {integrity: sha512-RXlj7zCYokReqWpOPH9oYivUzLYZ5vAPIfEmCTNViosC78F8F0H9y7T7gG2M39ymgutxF5gcFEsyZQSph9Bp3A==}
    dependencies:
      dot-case: 3.0.4
      tslib: 2.6.2
    dev: false

  /pascal-case@3.1.2:
    resolution: {integrity: sha512-uWlGT3YSnK9x3BQJaOdcZwrnV6hPpd8jFH1/ucpiLRPh/2zCVJKS19E4GvYHvaCcACn3foXZ0cLB9Wrx1KGe5g==}
    dependencies:
      no-case: 3.0.4
      tslib: 2.6.2
    dev: false

  /semver@6.3.1:
    resolution: {integrity: sha512-BR7VvDCVHO+q2xBEWskxS6DJE1qRnb7DxzUrogb71CWoSficBxYsiAGd+Kl0mmq/MprG9yArRkyrQxTO6XjMzA==}
    hasBin: true
    dev: false

  /tslib@2.6.2:
    resolution: {integrity: sha512-AEYxH93jGFPn/a2iVAwW87VuUIkR1FVUKB77NwMF7nBTDkDrrT/Hpt/IrCJ0QXhW27jTBDcf5ZY7w6RiqTMw2Q==}
    dev: false

  /upper-case@2.0.2:
    resolution: {integrity: sha512-KgdgDGJt2TpuwBUIjgG6lzw2GWFRCW9Qkfkiv0DxqHHLYJHmtmdUIKcZd8rHgFSjopVTlw6ggzCm1b8MFQwikg==}
    dependencies:
      tslib: 2.6.2
    dev: false

  /vscode-jsonrpc@5.0.1:
    resolution: {integrity: sha512-JvONPptw3GAQGXlVV2utDcHx0BiY34FupW/kI6mZ5x06ER5DdPG/tXWMVHjTNULF5uKPOUUD0SaXg5QaubJL0A==}
    engines: {node: '>=8.0.0 || >=10.0.0'}
    dev: false

  /vscode-languageclient@6.1.4:
    resolution: {integrity: sha512-EUOU+bJu6axmt0RFNo3nrglQLPXMfanbYViJee3Fbn2VuQoX0ZOI4uTYhSRvYLP2vfwTP/juV62P/mksCdTZMA==}
    engines: {vscode: ^1.41.0}
    dependencies:
      semver: 6.3.1
      vscode-languageserver-protocol: 3.15.3
    dev: false

  /vscode-languageserver-protocol@3.15.3:
    resolution: {integrity: sha512-zrMuwHOAQRhjDSnflWdJG+O2ztMWss8GqUUB8dXLR/FPenwkiBNkMIJJYfSN6sgskvsF0rHAoBowNQfbyZnnvw==}
    dependencies:
      vscode-jsonrpc: 5.0.1
      vscode-languageserver-types: 3.15.1
    dev: false

  /vscode-languageserver-types@3.15.1:
    resolution: {integrity: sha512-+a9MPUQrNGRrGU630OGbYVQ+11iOIovjCkqxajPa9w57Sd5ruK8WQNsslzpa0x/QJqC8kRc2DUxWjIFwoNm4ZQ==}
    dev: false
