lockfileVersion: 5.4

specifiers:
  vscode-languageserver: ^6.1.1
  vscode-languageserver-textdocument: ^1.0.1

dependencies:
  vscode-languageserver: 6.1.1
  vscode-languageserver-textdocument: 1.0.11

packages:

  /vscode-jsonrpc/8.2.0:
    resolution: {integrity: sha512-C+r0eKJUIfiDIfwJhria30+TYWPtuHJXHtI7J0YlOmKAo7ogxP20T0zxB7HZQIFhIyvoBPwWskjxrvAtfjyZfA==}
    engines: {node: '>=14.0.0'}
    dev: false

  /vscode-languageserver-protocol/3.17.5:
    resolution: {integrity: sha512-mb1bvRJN8SVznADSGWM9u/b07H7Ecg0I3OgXDuLdn307rl/J3A9YD6/eYOssqhecL27hK1IPZAsaqh00i/Jljg==}
    dependencies:
      vscode-jsonrpc: 8.2.0
      vscode-languageserver-types: 3.17.5
    dev: false

  /vscode-languageserver-textdocument/1.0.11:
    resolution: {integrity: sha512-X+8T3GoiwTVlJbicx/sIAF+yuJAqz8VvwJyoMVhwEMoEKE/fkDmrqUgDMyBECcM2A2frVZIUj5HI/ErRXCfOeA==}
    dev: false

  /vscode-languageserver-types/3.17.5:
    resolution: {integrity: sha512-Ld1VelNuX9pdF39h2Hgaeb5hEZM2Z3jUrrMgWQAu82jMtZp7p3vJT3BzToKtZI7NgQssZje5o0zryOrhQvzQAg==}
    dev: false

  /vscode-languageserver/6.1.1:
    resolution: {integrity: sha512-DueEpkUAkD5XTR4MLYNr6bQIp/UFR0/IPApgXU3YfCBCB08u2sm9hRCs6DxYZELkk++STPjpcjksR2H8qI3cDQ==}
    hasBin: true
    dependencies:
      vscode-languageserver-protocol: 3.17.5
    dev: false
